
Microsoft Visual Studio Solution File, Format Version 12.00
# Visual Studio Version 16
VisualStudioVersion = 16.0.31515.178
MinimumVisualStudioVersion = 10.0.40219.1
Project("{9A19103F-16F7-4668-BE54-9A1E7A4F7556}") = "Framework", "Framework\Framework.csproj", "{23AFD8B0-883F-4ADD-87C7-20C4FAF73E20}"
EndProject
Project("{2150E333-8FDC-42A3-9474-1A3956D46DE8}") = "AccountManagement", "AccountManagement", "{845B9A2B-DF6F-4836-A7D9-07DF24D35F56}"
EndProject
Project("{2150E333-8FDC-42A3-9474-1A3956D46DE8}") = "AM.Application", "AM.Application", "{69BA3F91-03A5-49BF-AD88-A0B40397D41D}"
EndProject
Project("{2150E333-8FDC-42A3-9474-1A3956D46DE8}") = "AM.Domain", "AM.Domain", "{C628A470-A385-4C77-8BB5-C4436D64601E}"
EndProject
Project("{2150E333-8FDC-42A3-9474-1A3956D46DE8}") = "AM.Infrastructure", "AM.Infrastructure", "{74925559-1856-494B-BBAC-915CF975EC5F}"
EndProject
Project("{9A19103F-16F7-4668-BE54-9A1E7A4F7556}") = "AccountManagement.Domain", "AccountManagement.Domain\AccountManagement.Domain.csproj", "{D6DECA29-EA8C-4319-980D-1BF4BB6464DC}"
EndProject
Project("{9A19103F-16F7-4668-BE54-9A1E7A4F7556}") = "AccountManagement.Application.Contract", "AccountManagement.Application.Contract\AccountManagement.Application.Contract.csproj", "{931F2A9B-3918-43FD-A157-43CC96B6CDA7}"
EndProject
Project("{9A19103F-16F7-4668-BE54-9A1E7A4F7556}") = "AccountManagement.Application", "AccountManagement.Application\AccountManagement.Application.csproj", "{04CD06A4-E100-43F5-958E-1E686BC3857E}"
EndProject
Project("{9A19103F-16F7-4668-BE54-9A1E7A4F7556}") = "AccountManagement.Infrastructure.EfCore", "AccountManagement.Infrastructure.EfCore\AccountManagement.Infrastructure.EfCore.csproj", "{39FA2B84-4036-479A-9F1F-364E3B95961B}"
EndProject
Project("{9A19103F-16F7-4668-BE54-9A1E7A4F7556}") = "AccountManagement.Infrastructure.Configuration", "AccountManagement.Infrastructure.Configuration\AccountManagement.Infrastructure.Configuration.csproj", "{4569788A-566D-49E1-867A-DB85B7865E54}"
EndProject
Project("{9A19103F-16F7-4668-BE54-9A1E7A4F7556}") = "ServiceHost", "ServiceHost\ServiceHost.csproj", "{445EEEC7-7EF8-4ACE-95E5-F8D3B6C6B376}"
EndProject
Project("{2150E333-8FDC-42A3-9474-1A3956D46DE8}") = "DiscountManagement", "DiscountManagement", "{6923B667-B03F-4DC8-B367-416265B3A3E0}"
EndProject
Project("{2150E333-8FDC-42A3-9474-1A3956D46DE8}") = "DM.Application", "DM.Application", "{B596BCCC-AB0F-4707-B171-241E19CE17E3}"
EndProject
Project("{2150E333-8FDC-42A3-9474-1A3956D46DE8}") = "DM.Domain", "DM.Domain", "{B15D66A7-196A-45CA-9441-32786E77143C}"
EndProject
Project("{2150E333-8FDC-42A3-9474-1A3956D46DE8}") = "DM.Infrastructure", "DM.Infrastructure", "{551451FF-6833-4220-9F12-31EAB1B772B7}"
EndProject
Project("{9A19103F-16F7-4668-BE54-9A1E7A4F7556}") = "DiscountManagement.Domain", "DiscountManagement.Domain\DiscountManagement.Domain.csproj", "{B1634FE8-059A-4CAC-9B63-8910728B5EA1}"
EndProject
Project("{9A19103F-16F7-4668-BE54-9A1E7A4F7556}") = "DiscountManagement.Application.Contract", "DiscountManagement.Application.Contract\DiscountManagement.Application.Contract.csproj", "{EE40B2CC-4440-4934-B985-F20F61E059C7}"
EndProject
Project("{9A19103F-16F7-4668-BE54-9A1E7A4F7556}") = "DiscountManagement.Infrastructure.EfCore", "DiscountManagement.Infrastructure.EfCore\DiscountManagement.Infrastructure.EfCore.csproj", "{031EC7B5-26E4-472E-8A7E-DE2570957649}"
EndProject
Project("{9A19103F-16F7-4668-BE54-9A1E7A4F7556}") = "DiscountManagement.Application", "DiscountManagement.Application\DiscountManagement.Application.csproj", "{8C6FDF56-C24F-4D6C-A927-6EFE28403964}"
EndProject
Project("{9A19103F-16F7-4668-BE54-9A1E7A4F7556}") = "DiscountManagement.Infrastructure.Configuration", "DiscountManagement.Infrastructure.Configuration\DiscountManagement.Infrastructure.Configuration.csproj", "{5FD09441-1DA6-463F-9E29-176EA83452CB}"
EndProject
Project("{2150E333-8FDC-42A3-9474-1A3956D46DE8}") = "CommentManagement", "CommentManagement", "{2925F030-1BC1-4546-9F1B-38B9DC1C6A2D}"
EndProject
Project("{2150E333-8FDC-42A3-9474-1A3956D46DE8}") = "CM.Domain", "CM.Domain", "{7C726B17-821E-4829-BB12-BC5631A29119}"
EndProject
Project("{2150E333-8FDC-42A3-9474-1A3956D46DE8}") = "CM.Application", "CM.Application", "{BB8ADFC4-827A-4DE1-93D7-8A6E4419A5C3}"
EndProject
Project("{2150E333-8FDC-42A3-9474-1A3956D46DE8}") = "CM.Infrastructure", "CM.Infrastructure", "{3ED6A896-26F7-4327-95AC-C66FF0F5CD4B}"
EndProject
Project("{9A19103F-16F7-4668-BE54-9A1E7A4F7556}") = "CommentManagement.Domain", "CommentManagement.Domain\CommentManagement.Domain.csproj", "{3008D35D-A882-4F5F-9132-ED11FD52236C}"
EndProject
Project("{9A19103F-16F7-4668-BE54-9A1E7A4F7556}") = "CommentManagement.Application.Contract", "CommentManagement.Application.Contract\CommentManagement.Application.Contract.csproj", "{DB9C1A74-8DD3-42C6-B278-CF4F1CA72C06}"
EndProject
Project("{9A19103F-16F7-4668-BE54-9A1E7A4F7556}") = "CommentManagement.Application", "CommentManagement.Application\CommentManagement.Application.csproj", "{6F218E5D-1BB9-4A6B-B51A-18A67FCF7196}"
EndProject
Project("{9A19103F-16F7-4668-BE54-9A1E7A4F7556}") = "CommentManagement.Infrastructure.EfCore", "CommentManagement.Infrastructure.EfCore\CommentManagement.Infrastructure.EfCore.csproj", "{9A736260-4D2D-494B-ADC4-D4293B51D891}"
EndProject
Project("{9A19103F-16F7-4668-BE54-9A1E7A4F7556}") = "CommentManagement.Infrastructure.Configuration", "CommentManagement.Infrastructure.Configuration\CommentManagement.Infrastructure.Configuration.csproj", "{A3AC4C48-8B3C-4B2C-B608-40D15E307123}"
EndProject
Project("{2150E333-8FDC-42A3-9474-1A3956D46DE8}") = "StoreManagement", "StoreManagement", "{106E771E-FAB5-4886-84CF-F952E2CAA0B5}"
EndProject
Project("{2150E333-8FDC-42A3-9474-1A3956D46DE8}") = "SM.Application", "SM.Application", "{C93E08CC-B0E4-42DE-BD86-9AD36FC36C9D}"
EndProject
Project("{2150E333-8FDC-42A3-9474-1A3956D46DE8}") = "SM.Domain", "SM.Domain", "{0B395F30-B949-4EE0-8B65-EC6C01827A91}"
EndProject
Project("{2150E333-8FDC-42A3-9474-1A3956D46DE8}") = "SM.Infrastructure", "SM.Infrastructure", "{0D1391C1-D46B-441F-98E1-87E8CC05C643}"
EndProject
Project("{FAE04EC0-301F-11D3-BF4B-00C04F79EFBC}") = "StoreManagement.Domain", "StoreManagement.Domain\StoreManagement.Domain.csproj", "{FB4CD985-CC67-45B9-8A94-ABF09711F46C}"
EndProject
Project("{FAE04EC0-301F-11D3-BF4B-00C04F79EFBC}") = "StoreManagement.Application.Contract", "StoreManagement.Application.Contract\StoreManagement.Application.Contract.csproj", "{1A8BD27A-09E5-4321-8F4C-4E6BC03BDF00}"
EndProject
Project("{FAE04EC0-301F-11D3-BF4B-00C04F79EFBC}") = "StoreManagement.Application", "StoreManagement.Application\StoreManagement.Application.csproj", "{5EC351DD-3E41-48BB-97BE-B3A586161F30}"
EndProject
Global
	GlobalSection(SolutionConfigurationPlatforms) = preSolution
		Debug|Any CPU = Debug|Any CPU
		Release|Any CPU = Release|Any CPU
	EndGlobalSection
	GlobalSection(ProjectConfigurationPlatforms) = postSolution
		{23AFD8B0-883F-4ADD-87C7-20C4FAF73E20}.Debug|Any CPU.ActiveCfg = Debug|Any CPU
		{23AFD8B0-883F-4ADD-87C7-20C4FAF73E20}.Debug|Any CPU.Build.0 = Debug|Any CPU
		{23AFD8B0-883F-4ADD-87C7-20C4FAF73E20}.Release|Any CPU.ActiveCfg = Release|Any CPU
		{23AFD8B0-883F-4ADD-87C7-20C4FAF73E20}.Release|Any CPU.Build.0 = Release|Any CPU
		{D6DECA29-EA8C-4319-980D-1BF4BB6464DC}.Debug|Any CPU.ActiveCfg = Debug|Any CPU
		{D6DECA29-EA8C-4319-980D-1BF4BB6464DC}.Debug|Any CPU.Build.0 = Debug|Any CPU
		{D6DECA29-EA8C-4319-980D-1BF4BB6464DC}.Release|Any CPU.ActiveCfg = Release|Any CPU
		{D6DECA29-EA8C-4319-980D-1BF4BB6464DC}.Release|Any CPU.Build.0 = Release|Any CPU
		{931F2A9B-3918-43FD-A157-43CC96B6CDA7}.Debug|Any CPU.ActiveCfg = Debug|Any CPU
		{931F2A9B-3918-43FD-A157-43CC96B6CDA7}.Debug|Any CPU.Build.0 = Debug|Any CPU
		{931F2A9B-3918-43FD-A157-43CC96B6CDA7}.Release|Any CPU.ActiveCfg = Release|Any CPU
		{931F2A9B-3918-43FD-A157-43CC96B6CDA7}.Release|Any CPU.Build.0 = Release|Any CPU
		{04CD06A4-E100-43F5-958E-1E686BC3857E}.Debug|Any CPU.ActiveCfg = Debug|Any CPU
		{04CD06A4-E100-43F5-958E-1E686BC3857E}.Debug|Any CPU.Build.0 = Debug|Any CPU
		{04CD06A4-E100-43F5-958E-1E686BC3857E}.Release|Any CPU.ActiveCfg = Release|Any CPU
		{04CD06A4-E100-43F5-958E-1E686BC3857E}.Release|Any CPU.Build.0 = Release|Any CPU
		{39FA2B84-4036-479A-9F1F-364E3B95961B}.Debug|Any CPU.ActiveCfg = Debug|Any CPU
		{39FA2B84-4036-479A-9F1F-364E3B95961B}.Debug|Any CPU.Build.0 = Debug|Any CPU
		{39FA2B84-4036-479A-9F1F-364E3B95961B}.Release|Any CPU.ActiveCfg = Release|Any CPU
		{39FA2B84-4036-479A-9F1F-364E3B95961B}.Release|Any CPU.Build.0 = Release|Any CPU
		{4569788A-566D-49E1-867A-DB85B7865E54}.Debug|Any CPU.ActiveCfg = Debug|Any CPU
		{4569788A-566D-49E1-867A-DB85B7865E54}.Debug|Any CPU.Build.0 = Debug|Any CPU
		{4569788A-566D-49E1-867A-DB85B7865E54}.Release|Any CPU.ActiveCfg = Release|Any CPU
		{4569788A-566D-49E1-867A-DB85B7865E54}.Release|Any CPU.Build.0 = Release|Any CPU
		{445EEEC7-7EF8-4ACE-95E5-F8D3B6C6B376}.Debug|Any CPU.ActiveCfg = Debug|Any CPU
		{445EEEC7-7EF8-4ACE-95E5-F8D3B6C6B376}.Debug|Any CPU.Build.0 = Debug|Any CPU
		{445EEEC7-7EF8-4ACE-95E5-F8D3B6C6B376}.Release|Any CPU.ActiveCfg = Release|Any CPU
		{445EEEC7-7EF8-4ACE-95E5-F8D3B6C6B376}.Release|Any CPU.Build.0 = Release|Any CPU
		{B1634FE8-059A-4CAC-9B63-8910728B5EA1}.Debug|Any CPU.ActiveCfg = Debug|Any CPU
		{B1634FE8-059A-4CAC-9B63-8910728B5EA1}.Debug|Any CPU.Build.0 = Debug|Any CPU
		{B1634FE8-059A-4CAC-9B63-8910728B5EA1}.Release|Any CPU.ActiveCfg = Release|Any CPU
		{B1634FE8-059A-4CAC-9B63-8910728B5EA1}.Release|Any CPU.Build.0 = Release|Any CPU
		{EE40B2CC-4440-4934-B985-F20F61E059C7}.Debug|Any CPU.ActiveCfg = Debug|Any CPU
		{EE40B2CC-4440-4934-B985-F20F61E059C7}.Debug|Any CPU.Build.0 = Debug|Any CPU
		{EE40B2CC-4440-4934-B985-F20F61E059C7}.Release|Any CPU.ActiveCfg = Release|Any CPU
		{EE40B2CC-4440-4934-B985-F20F61E059C7}.Release|Any CPU.Build.0 = Release|Any CPU
		{031EC7B5-26E4-472E-8A7E-DE2570957649}.Debug|Any CPU.ActiveCfg = Debug|Any CPU
		{031EC7B5-26E4-472E-8A7E-DE2570957649}.Debug|Any CPU.Build.0 = Debug|Any CPU
		{031EC7B5-26E4-472E-8A7E-DE2570957649}.Release|Any CPU.ActiveCfg = Release|Any CPU
		{031EC7B5-26E4-472E-8A7E-DE2570957649}.Release|Any CPU.Build.0 = Release|Any CPU
		{8C6FDF56-C24F-4D6C-A927-6EFE28403964}.Debug|Any CPU.ActiveCfg = Debug|Any CPU
		{8C6FDF56-C24F-4D6C-A927-6EFE28403964}.Debug|Any CPU.Build.0 = Debug|Any CPU
		{8C6FDF56-C24F-4D6C-A927-6EFE28403964}.Release|Any CPU.ActiveCfg = Release|Any CPU
		{8C6FDF56-C24F-4D6C-A927-6EFE28403964}.Release|Any CPU.Build.0 = Release|Any CPU
		{5FD09441-1DA6-463F-9E29-176EA83452CB}.Debug|Any CPU.ActiveCfg = Debug|Any CPU
		{5FD09441-1DA6-463F-9E29-176EA83452CB}.Debug|Any CPU.Build.0 = Debug|Any CPU
		{5FD09441-1DA6-463F-9E29-176EA83452CB}.Release|Any CPU.ActiveCfg = Release|Any CPU
		{5FD09441-1DA6-463F-9E29-176EA83452CB}.Release|Any CPU.Build.0 = Release|Any CPU
		{3008D35D-A882-4F5F-9132-ED11FD52236C}.Debug|Any CPU.ActiveCfg = Debug|Any CPU
		{3008D35D-A882-4F5F-9132-ED11FD52236C}.Debug|Any CPU.Build.0 = Debug|Any CPU
		{3008D35D-A882-4F5F-9132-ED11FD52236C}.Release|Any CPU.ActiveCfg = Release|Any CPU
		{3008D35D-A882-4F5F-9132-ED11FD52236C}.Release|Any CPU.Build.0 = Release|Any CPU
		{DB9C1A74-8DD3-42C6-B278-CF4F1CA72C06}.Debug|Any CPU.ActiveCfg = Debug|Any CPU
		{DB9C1A74-8DD3-42C6-B278-CF4F1CA72C06}.Debug|Any CPU.Build.0 = Debug|Any CPU
		{DB9C1A74-8DD3-42C6-B278-CF4F1CA72C06}.Release|Any CPU.ActiveCfg = Release|Any CPU
		{DB9C1A74-8DD3-42C6-B278-CF4F1CA72C06}.Release|Any CPU.Build.0 = Release|Any CPU
		{6F218E5D-1BB9-4A6B-B51A-18A67FCF7196}.Debug|Any CPU.ActiveCfg = Debug|Any CPU
		{6F218E5D-1BB9-4A6B-B51A-18A67FCF7196}.Debug|Any CPU.Build.0 = Debug|Any CPU
		{6F218E5D-1BB9-4A6B-B51A-18A67FCF7196}.Release|Any CPU.ActiveCfg = Release|Any CPU
		{6F218E5D-1BB9-4A6B-B51A-18A67FCF7196}.Release|Any CPU.Build.0 = Release|Any CPU
		{9A736260-4D2D-494B-ADC4-D4293B51D891}.Debug|Any CPU.ActiveCfg = Debug|Any CPU
		{9A736260-4D2D-494B-ADC4-D4293B51D891}.Debug|Any CPU.Build.0 = Debug|Any CPU
		{9A736260-4D2D-494B-ADC4-D4293B51D891}.Release|Any CPU.ActiveCfg = Release|Any CPU
		{9A736260-4D2D-494B-ADC4-D4293B51D891}.Release|Any CPU.Build.0 = Release|Any CPU
		{A3AC4C48-8B3C-4B2C-B608-40D15E307123}.Debug|Any CPU.ActiveCfg = Debug|Any CPU
		{A3AC4C48-8B3C-4B2C-B608-40D15E307123}.Debug|Any CPU.Build.0 = Debug|Any CPU
		{A3AC4C48-8B3C-4B2C-B608-40D15E307123}.Release|Any CPU.ActiveCfg = Release|Any CPU
		{A3AC4C48-8B3C-4B2C-B608-40D15E307123}.Release|Any CPU.Build.0 = Release|Any CPU
		{FB4CD985-CC67-45B9-8A94-ABF09711F46C}.Debug|Any CPU.ActiveCfg = Debug|Any CPU
		{FB4CD985-CC67-45B9-8A94-ABF09711F46C}.Debug|Any CPU.Build.0 = Debug|Any CPU
		{FB4CD985-CC67-45B9-8A94-ABF09711F46C}.Release|Any CPU.ActiveCfg = Release|Any CPU
		{FB4CD985-CC67-45B9-8A94-ABF09711F46C}.Release|Any CPU.Build.0 = Release|Any CPU
		{1A8BD27A-09E5-4321-8F4C-4E6BC03BDF00}.Debug|Any CPU.ActiveCfg = Debug|Any CPU
		{1A8BD27A-09E5-4321-8F4C-4E6BC03BDF00}.Debug|Any CPU.Build.0 = Debug|Any CPU
		{1A8BD27A-09E5-4321-8F4C-4E6BC03BDF00}.Release|Any CPU.ActiveCfg = Release|Any CPU
		{1A8BD27A-09E5-4321-8F4C-4E6BC03BDF00}.Release|Any CPU.Build.0 = Release|Any CPU
		{5EC351DD-3E41-48BB-97BE-B3A586161F30}.Debug|Any CPU.ActiveCfg = Debug|Any CPU
		{5EC351DD-3E41-48BB-97BE-B3A586161F30}.Debug|Any CPU.Build.0 = Debug|Any CPU
		{5EC351DD-3E41-48BB-97BE-B3A586161F30}.Release|Any CPU.ActiveCfg = Release|Any CPU
		{5EC351DD-3E41-48BB-97BE-B3A586161F30}.Release|Any CPU.Build.0 = Release|Any CPU
	EndGlobalSection
	GlobalSection(SolutionProperties) = preSolution
		HideSolutionNode = FALSE
	EndGlobalSection
	GlobalSection(NestedProjects) = preSolution
		{69BA3F91-03A5-49BF-AD88-A0B40397D41D} = {845B9A2B-DF6F-4836-A7D9-07DF24D35F56}
		{C628A470-A385-4C77-8BB5-C4436D64601E} = {845B9A2B-DF6F-4836-A7D9-07DF24D35F56}
		{74925559-1856-494B-BBAC-915CF975EC5F} = {845B9A2B-DF6F-4836-A7D9-07DF24D35F56}
		{D6DECA29-EA8C-4319-980D-1BF4BB6464DC} = {C628A470-A385-4C77-8BB5-C4436D64601E}
		{931F2A9B-3918-43FD-A157-43CC96B6CDA7} = {69BA3F91-03A5-49BF-AD88-A0B40397D41D}
		{04CD06A4-E100-43F5-958E-1E686BC3857E} = {69BA3F91-03A5-49BF-AD88-A0B40397D41D}
		{39FA2B84-4036-479A-9F1F-364E3B95961B} = {74925559-1856-494B-BBAC-915CF975EC5F}
		{4569788A-566D-49E1-867A-DB85B7865E54} = {74925559-1856-494B-BBAC-915CF975EC5F}
		{B596BCCC-AB0F-4707-B171-241E19CE17E3} = {6923B667-B03F-4DC8-B367-416265B3A3E0}
		{B15D66A7-196A-45CA-9441-32786E77143C} = {6923B667-B03F-4DC8-B367-416265B3A3E0}
		{551451FF-6833-4220-9F12-31EAB1B772B7} = {6923B667-B03F-4DC8-B367-416265B3A3E0}
		{B1634FE8-059A-4CAC-9B63-8910728B5EA1} = {B15D66A7-196A-45CA-9441-32786E77143C}
		{EE40B2CC-4440-4934-B985-F20F61E059C7} = {B596BCCC-AB0F-4707-B171-241E19CE17E3}
		{031EC7B5-26E4-472E-8A7E-DE2570957649} = {551451FF-6833-4220-9F12-31EAB1B772B7}
		{8C6FDF56-C24F-4D6C-A927-6EFE28403964} = {B596BCCC-AB0F-4707-B171-241E19CE17E3}
		{5FD09441-1DA6-463F-9E29-176EA83452CB} = {551451FF-6833-4220-9F12-31EAB1B772B7}
		{7C726B17-821E-4829-BB12-BC5631A29119} = {2925F030-1BC1-4546-9F1B-38B9DC1C6A2D}
		{BB8ADFC4-827A-4DE1-93D7-8A6E4419A5C3} = {2925F030-1BC1-4546-9F1B-38B9DC1C6A2D}
		{3ED6A896-26F7-4327-95AC-C66FF0F5CD4B} = {2925F030-1BC1-4546-9F1B-38B9DC1C6A2D}
		{3008D35D-A882-4F5F-9132-ED11FD52236C} = {7C726B17-821E-4829-BB12-BC5631A29119}
		{DB9C1A74-8DD3-42C6-B278-CF4F1CA72C06} = {BB8ADFC4-827A-4DE1-93D7-8A6E4419A5C3}
		{6F218E5D-1BB9-4A6B-B51A-18A67FCF7196} = {BB8ADFC4-827A-4DE1-93D7-8A6E4419A5C3}
		{9A736260-4D2D-494B-ADC4-D4293B51D891} = {3ED6A896-26F7-4327-95AC-C66FF0F5CD4B}
		{A3AC4C48-8B3C-4B2C-B608-40D15E307123} = {3ED6A896-26F7-4327-95AC-C66FF0F5CD4B}
		{C93E08CC-B0E4-42DE-BD86-9AD36FC36C9D} = {106E771E-FAB5-4886-84CF-F952E2CAA0B5}
		{0B395F30-B949-4EE0-8B65-EC6C01827A91} = {106E771E-FAB5-4886-84CF-F952E2CAA0B5}
		{0D1391C1-D46B-441F-98E1-87E8CC05C643} = {106E771E-FAB5-4886-84CF-F952E2CAA0B5}
		{FB4CD985-CC67-45B9-8A94-ABF09711F46C} = {0B395F30-B949-4EE0-8B65-EC6C01827A91}
		{1A8BD27A-09E5-4321-8F4C-4E6BC03BDF00} = {C93E08CC-B0E4-42DE-BD86-9AD36FC36C9D}
		{5EC351DD-3E41-48BB-97BE-B3A586161F30} = {C93E08CC-B0E4-42DE-BD86-9AD36FC36C9D}
	EndGlobalSection
	GlobalSection(ExtensibilityGlobals) = postSolution
		SolutionGuid = {1FB4480E-E091-4136-A89A-DC8F7C803DDF}
	EndGlobalSection
EndGlobal
